// !$*UTF8*$!
{
	archiveVersion = 1;
	classes = {
	};
	objectVersion = 70;
	objects = {

/* Begin PBXBuildFile section */
		70107B592C21693E00F32042 /* GoogleSignIn in Frameworks */ = {isa = PBXBuildFile; productRef = 70107B582C21693E00F32042 /* GoogleSignIn */; };
		70107B5B2C21693E00F32042 /* GoogleSignInSwift in Frameworks */ = {isa = PBXBuildFile; productRef = 70107B5A2C21693E00F32042 /* GoogleSignInSwift */; };
		701467402C401C0C00750A54 /* Kingfisher in Frameworks */ = {isa = PBXBuildFile; productRef = 7014673F2C401C0C00750A54 /* Kingfisher */; };
		70F3C1172C6BA19700786738 /* ScalingCarousel in Frameworks */ = {isa = PBXBuildFile; productRef = 70F3C1162C6BA19700786738 /* ScalingCarousel */; };
		70F3C14E2C706A6A00786738 /* iOSDropDown in Frameworks */ = {isa = PBXBuildFile; productRef = 70F3C14D2C706A6A00786738 /* iOSDropDown */; };
		7D2DCAB92C269BF700389FBF /* Alamofire in Frameworks */ = {isa = PBXBuildFile; productRef = 7D2DCAB82C269BF700389FBF /* Alamofire */; };
		7D2DCABC2C269C2100389FBF /* RxCocoa in Frameworks */ = {isa = PBXBuildFile; productRef = 7D2DCABB2C269C2100389FBF /* RxCocoa */; };
		7D2DCABE2C269C2100389FBF /* RxRelay in Frameworks */ = {isa = PBXBuildFile; productRef = 7D2DCABD2C269C2100389FBF /* RxRelay */; };
		7D2DCAC02C269C2100389FBF /* RxSwift in Frameworks */ = {isa = PBXBuildFile; productRef = 7D2DCABF2C269C2100389FBF /* RxSwift */; };
		7D2DCAC32C269C2E00389FBF /* SnapKit in Frameworks */ = {isa = PBXBuildFile; productRef = 7D2DCAC22C269C2E00389FBF /* SnapKit */; };
		7D8255A52C295DF100D104BE /* swiftgen.yml in Resources */ = {isa = PBXBuildFile; fileRef = 7D8255A42C295DF100D104BE /* swiftgen.yml */; };
		C92D86562D97B277001A6557 /* Dependencies in Frameworks */ = {isa = PBXBuildFile; productRef = C92D86552D97B277001A6557 /* Dependencies */; };
		C92D86582D97B277001A6557 /* DependenciesMacros in Frameworks */ = {isa = PBXBuildFile; productRef = C92D86572D97B277001A6557 /* DependenciesMacros */; };
		C9BD1F2A2D97B0A200839FD7 /* FirebaseMessaging in Frameworks */ = {isa = PBXBuildFile; productRef = C9BD1F292D97B0A200839FD7 /* FirebaseMessaging */; };
		C9BE83C42D97A3B6003B53E9 /* RxCompose in Frameworks */ = {isa = PBXBuildFile; productRef = C9BE83C32D97A3B6003B53E9 /* RxCompose */; };
		C9D9F7A92DA2548B00A9A0E2 /* RxGesture in Frameworks */ = {isa = PBXBuildFile; productRef = C9D9F7A82DA2548B00A9A0E2 /* RxGesture */; };
		C9F908532D97B12D00E1611D /* KakaoSDK in Frameworks */ = {isa = PBXBuildFile; productRef = C9F908522D97B12D00E1611D /* KakaoSDK */; };
		C9F908552D97B12D00E1611D /* KakaoSDKAuth in Frameworks */ = {isa = PBXBuildFile; productRef = C9F908542D97B12D00E1611D /* KakaoSDKAuth */; };
		C9F908572D97B12D00E1611D /* KakaoSDKCert in Frameworks */ = {isa = PBXBuildFile; productRef = C9F908562D97B12D00E1611D /* KakaoSDKCert */; };
		C9F908592D97B12D00E1611D /* KakaoSDKCertCore in Frameworks */ = {isa = PBXBuildFile; productRef = C9F908582D97B12D00E1611D /* KakaoSDKCertCore */; };
		C9F9085B2D97B12D00E1611D /* KakaoSDKCommon in Frameworks */ = {isa = PBXBuildFile; productRef = C9F9085A2D97B12D00E1611D /* KakaoSDKCommon */; };
		C9F9085D2D97B12D00E1611D /* KakaoSDKUser in Frameworks */ = {isa = PBXBuildFile; productRef = C9F9085C2D97B12D00E1611D /* KakaoSDKUser */; };
/* End PBXBuildFile section */

/* Begin PBXFileReference section */
		7D11A6302C81C76A00EB1D2D /* PrivacyInfo.xcprivacy */ = {isa = PBXFileReference; lastKnownFileType = text.xml; path = PrivacyInfo.xcprivacy; sourceTree = "<group>"; };
		7D2980FC2C01E1D000A619FB /* ShowPot.app */ = {isa = PBXFileReference; explicitFileType = wrapper.application; includeInIndex = 0; path = ShowPot.app; sourceTree = BUILT_PRODUCTS_DIR; };
		7D8255A42C295DF100D104BE /* swiftgen.yml */ = {isa = PBXFileReference; fileEncoding = 4; lastKnownFileType = text.yaml; path = swiftgen.yml; sourceTree = "<group>"; };
/* End PBXFileReference section */

/* Begin PBXFileSystemSynchronizedBuildFileExceptionSet section */
		C9BD1E752D97A57700839FD7 /* PBXFileSystemSynchronizedBuildFileExceptionSet */ = {
			isa = PBXFileSystemSynchronizedBuildFileExceptionSet;
			membershipExceptions = (
				Resource/Info.plist,
			);
			target = 7D2980FB2C01E1D000A619FB /* ShowPot */;
		};
/* End PBXFileSystemSynchronizedBuildFileExceptionSet section */

/* Begin PBXFileSystemSynchronizedRootGroup section */
		C9BD1DB42D97A57700839FD7 /* ShowPot */ = {isa = PBXFileSystemSynchronizedRootGroup; exceptions = (C9BD1E752D97A57700839FD7 /* PBXFileSystemSynchronizedBuildFileExceptionSet */, ); explicitFileTypes = {}; explicitFolders = (); path = ShowPot; sourceTree = "<group>"; };
/* End PBXFileSystemSynchronizedRootGroup section */

/* Begin PBXFrameworksBuildPhase section */
		7D2980F92C01E1D000A619FB /* Frameworks */ = {
			isa = PBXFrameworksBuildPhase;
			buildActionMask = 2147483647;
			files = (
				C9BD1F2A2D97B0A200839FD7 /* FirebaseMessaging in Frameworks */,
				C9F908532D97B12D00E1611D /* KakaoSDK in Frameworks */,
				C92D86582D97B277001A6557 /* DependenciesMacros in Frameworks */,
				7D2DCABE2C269C2100389FBF /* RxRelay in Frameworks */,
				70107B592C21693E00F32042 /* GoogleSignIn in Frameworks */,
				7D2DCAC02C269C2100389FBF /* RxSwift in Frameworks */,
				70107B5B2C21693E00F32042 /* GoogleSignInSwift in Frameworks */,
				C9BE83C42D97A3B6003B53E9 /* RxCompose in Frameworks */,
				7D2DCAC32C269C2E00389FBF /* SnapKit in Frameworks */,
				C9F9085B2D97B12D00E1611D /* KakaoSDKCommon in Frameworks */,
				C9F908552D97B12D00E1611D /* KakaoSDKAuth in Frameworks */,
				C9F908572D97B12D00E1611D /* KakaoSDKCert in Frameworks */,
				7D2DCABC2C269C2100389FBF /* RxCocoa in Frameworks */,
				C9D9F7A92DA2548B00A9A0E2 /* RxGesture in Frameworks */,
				7D2DCAB92C269BF700389FBF /* Alamofire in Frameworks */,
				70F3C1172C6BA19700786738 /* ScalingCarousel in Frameworks */,
				C92D86562D97B277001A6557 /* Dependencies in Frameworks */,
				70F3C14E2C706A6A00786738 /* iOSDropDown in Frameworks */,
				C9F9085D2D97B12D00E1611D /* KakaoSDKUser in Frameworks */,
				701467402C401C0C00750A54 /* Kingfisher in Frameworks */,
				C9F908592D97B12D00E1611D /* KakaoSDKCertCore in Frameworks */,
			);
			runOnlyForDeploymentPostprocessing = 0;
		};
/* End PBXFrameworksBuildPhase section */

/* Begin PBXGroup section */
		7D2980F32C01E1D000A619FB = {
			isa = PBXGroup;
			children = (
				7D11A6302C81C76A00EB1D2D /* PrivacyInfo.xcprivacy */,
				7D8255A42C295DF100D104BE /* swiftgen.yml */,
				C9BD1DB42D97A57700839FD7 /* ShowPot */,
				7D2980FD2C01E1D000A619FB /* Products */,
			);
			sourceTree = "<group>";
		};
		7D2980FD2C01E1D000A619FB /* Products */ = {
			isa = PBXGroup;
			children = (
				7D2980FC2C01E1D000A619FB /* ShowPot.app */,
			);
			name = Products;
			sourceTree = "<group>";
		};
/* End PBXGroup section */

/* Begin PBXNativeTarget section */
		7D2980FB2C01E1D000A619FB /* ShowPot */ = {
			isa = PBXNativeTarget;
			buildConfigurationList = 7D2981102C01E1D300A619FB /* Build configuration list for PBXNativeTarget "ShowPot" */;
			buildPhases = (
				7D2980F82C01E1D000A619FB /* Sources */,
				7D2980F92C01E1D000A619FB /* Frameworks */,
				7D2980FA2C01E1D000A619FB /* Resources */,
			);
			buildRules = (
			);
			dependencies = (
			);
			fileSystemSynchronizedGroups = (
				C9BD1DB42D97A57700839FD7 /* ShowPot */,
			);
			name = ShowPot;
			packageProductDependencies = (
				70107B582C21693E00F32042 /* GoogleSignIn */,
				70107B5A2C21693E00F32042 /* GoogleSignInSwift */,
				7D2DCAB82C269BF700389FBF /* Alamofire */,
				7D2DCABB2C269C2100389FBF /* RxCocoa */,
				7D2DCABD2C269C2100389FBF /* RxRelay */,
				7D2DCABF2C269C2100389FBF /* RxSwift */,
				7D2DCAC22C269C2E00389FBF /* SnapKit */,
				7014673F2C401C0C00750A54 /* Kingfisher */,
				70F3C1162C6BA19700786738 /* ScalingCarousel */,
				70F3C14D2C706A6A00786738 /* iOSDropDown */,
				C9BE83C32D97A3B6003B53E9 /* RxCompose */,
				C9BD1F292D97B0A200839FD7 /* FirebaseMessaging */,
				C9F908522D97B12D00E1611D /* KakaoSDK */,
				C9F908542D97B12D00E1611D /* KakaoSDKAuth */,
				C9F908562D97B12D00E1611D /* KakaoSDKCert */,
				C9F908582D97B12D00E1611D /* KakaoSDKCertCore */,
				C9F9085A2D97B12D00E1611D /* KakaoSDKCommon */,
				C9F9085C2D97B12D00E1611D /* KakaoSDKUser */,
				C92D86552D97B277001A6557 /* Dependencies */,
				C92D86572D97B277001A6557 /* DependenciesMacros */,
				C9D9F7A82DA2548B00A9A0E2 /* RxGesture */,
			);
			productName = ShowPot;
			productReference = 7D2980FC2C01E1D000A619FB /* ShowPot.app */;
			productType = "com.apple.product-type.application";
		};
/* End PBXNativeTarget section */

/* Begin PBXProject section */
		7D2980F42C01E1D000A619FB /* Project object */ = {
			isa = PBXProject;
			attributes = {
				BuildIndependentTargetsInParallel = 1;
				LastSwiftUpdateCheck = 1500;
				LastUpgradeCheck = 1500;
				TargetAttributes = {
					7D2980FB2C01E1D000A619FB = {
						CreatedOnToolsVersion = 15.0.1;
					};
				};
			};
			buildConfigurationList = 7D2980F72C01E1D000A619FB /* Build configuration list for PBXProject "ShowPot" */;
			compatibilityVersion = "Xcode 14.0";
			developmentRegion = en;
			hasScannedForEncodings = 0;
			knownRegions = (
				en,
				Base,
			);
			mainGroup = 7D2980F32C01E1D000A619FB;
			packageReferences = (
				70107B572C21693E00F32042 /* XCRemoteSwiftPackageReference "GoogleSignIn-iOS" */,
				7D2DCAB72C269BF700389FBF /* XCRemoteSwiftPackageReference "Alamofire" */,
				7D2DCABA2C269C2100389FBF /* XCRemoteSwiftPackageReference "RxSwift" */,
				7D2DCAC12C269C2E00389FBF /* XCRemoteSwiftPackageReference "SnapKit" */,
				7014673E2C401C0C00750A54 /* XCRemoteSwiftPackageReference "Kingfisher" */,
				70F3C1152C6BA19700786738 /* XCRemoteSwiftPackageReference "ScalingCarousel" */,
				70F3C14C2C706A6A00786738 /* XCRemoteSwiftPackageReference "iOSDropDown" */,
				C9BE83C22D97A3B6003B53E9 /* XCRemoteSwiftPackageReference "RxCompose" */,
				C9BD1F282D97B0A200839FD7 /* XCRemoteSwiftPackageReference "firebase-ios-sdk" */,
				C9F908512D97B12D00E1611D /* XCRemoteSwiftPackageReference "kakao-ios-sdk" */,
				C92D86542D97B277001A6557 /* XCRemoteSwiftPackageReference "swift-dependencies" */,
				C9D9F7A72DA2548B00A9A0E2 /* XCRemoteSwiftPackageReference "RxGesture" */,
			);
			productRefGroup = 7D2980FD2C01E1D000A619FB /* Products */;
			projectDirPath = "";
			projectRoot = "";
			targets = (
				7D2980FB2C01E1D000A619FB /* ShowPot */,
			);
		};
/* End PBXProject section */

/* Begin PBXResourcesBuildPhase section */
		7D2980FA2C01E1D000A619FB /* Resources */ = {
			isa = PBXResourcesBuildPhase;
			buildActionMask = 2147483647;
			files = (
				7D8255A52C295DF100D104BE /* swiftgen.yml in Resources */,
			);
			runOnlyForDeploymentPostprocessing = 0;
		};
/* End PBXResourcesBuildPhase section */

/* Begin PBXSourcesBuildPhase section */
		7D2980F82C01E1D000A619FB /* Sources */ = {
			isa = PBXSourcesBuildPhase;
			buildActionMask = 2147483647;
			files = (
			);
			runOnlyForDeploymentPostprocessing = 0;
		};
/* End PBXSourcesBuildPhase section */

/* Begin XCBuildConfiguration section */
		7D29810E2C01E1D300A619FB /* Debug */ = {
			isa = XCBuildConfiguration;
			buildSettings = {
				ALWAYS_SEARCH_USER_PATHS = NO;
				ASSETCATALOG_COMPILER_GENERATE_SWIFT_ASSET_SYMBOL_EXTENSIONS = YES;
				CLANG_ANALYZER_NONNULL = YES;
				CLANG_ANALYZER_NUMBER_OBJECT_CONVERSION = YES_AGGRESSIVE;
				CLANG_CXX_LANGUAGE_STANDARD = "gnu++20";
				CLANG_ENABLE_MODULES = YES;
				CLANG_ENABLE_OBJC_ARC = YES;
				CLANG_ENABLE_OBJC_WEAK = YES;
				CLANG_WARN_BLOCK_CAPTURE_AUTORELEASING = YES;
				CLANG_WARN_BOOL_CONVERSION = YES;
				CLANG_WARN_COMMA = YES;
				CLANG_WARN_CONSTANT_CONVERSION = YES;
				CLANG_WARN_DEPRECATED_OBJC_IMPLEMENTATIONS = YES;
				CLANG_WARN_DIRECT_OBJC_ISA_USAGE = YES_ERROR;
				CLANG_WARN_DOCUMENTATION_COMMENTS = YES;
				CLANG_WARN_EMPTY_BODY = YES;
				CLANG_WARN_ENUM_CONVERSION = YES;
				CLANG_WARN_INFINITE_RECURSION = YES;
				CLANG_WARN_INT_CONVERSION = YES;
				CLANG_WARN_NON_LITERAL_NULL_CONVERSION = YES;
				CLANG_WARN_OBJC_IMPLICIT_RETAIN_SELF = YES;
				CLANG_WARN_OBJC_LITERAL_CONVERSION = YES;
				CLANG_WARN_OBJC_ROOT_CLASS = YES_ERROR;
				CLANG_WARN_QUOTED_INCLUDE_IN_FRAMEWORK_HEADER = YES;
				CLANG_WARN_RANGE_LOOP_ANALYSIS = YES;
				CLANG_WARN_STRICT_PROTOTYPES = YES;
				CLANG_WARN_SUSPICIOUS_MOVE = YES;
				CLANG_WARN_UNGUARDED_AVAILABILITY = YES_AGGRESSIVE;
				CLANG_WARN_UNREACHABLE_CODE = YES;
				CLANG_WARN__DUPLICATE_METHOD_MATCH = YES;
				COPY_PHASE_STRIP = NO;
				DEBUG_INFORMATION_FORMAT = dwarf;
				ENABLE_STRICT_OBJC_MSGSEND = YES;
				ENABLE_TESTABILITY = YES;
				ENABLE_USER_SCRIPT_SANDBOXING = YES;
				GCC_C_LANGUAGE_STANDARD = gnu17;
				GCC_DYNAMIC_NO_PIC = NO;
				GCC_NO_COMMON_BLOCKS = YES;
				GCC_OPTIMIZATION_LEVEL = 0;
				GCC_PREPROCESSOR_DEFINITIONS = (
					"DEBUG=1",
					"$(inherited)",
				);
				GCC_WARN_64_TO_32_BIT_CONVERSION = YES;
				GCC_WARN_ABOUT_RETURN_TYPE = YES_ERROR;
				GCC_WARN_UNDECLARED_SELECTOR = YES;
				GCC_WARN_UNINITIALIZED_AUTOS = YES_AGGRESSIVE;
				GCC_WARN_UNUSED_FUNCTION = YES;
				GCC_WARN_UNUSED_VARIABLE = YES;
				IPHONEOS_DEPLOYMENT_TARGET = 16.0;
				LOCALIZATION_PREFERS_STRING_CATALOGS = YES;
				MTL_ENABLE_DEBUG_INFO = INCLUDE_SOURCE;
				MTL_FAST_MATH = YES;
				ONLY_ACTIVE_ARCH = YES;
				SDKROOT = iphoneos;
				SWIFT_ACTIVE_COMPILATION_CONDITIONS = "DEBUG $(inherited)";
				SWIFT_OPTIMIZATION_LEVEL = "-Onone";
			};
			name = Debug;
		};
		7D29810F2C01E1D300A619FB /* Release */ = {
			isa = XCBuildConfiguration;
			buildSettings = {
				ALWAYS_SEARCH_USER_PATHS = NO;
				ASSETCATALOG_COMPILER_GENERATE_SWIFT_ASSET_SYMBOL_EXTENSIONS = YES;
				CLANG_ANALYZER_NONNULL = YES;
				CLANG_ANALYZER_NUMBER_OBJECT_CONVERSION = YES_AGGRESSIVE;
				CLANG_CXX_LANGUAGE_STANDARD = "gnu++20";
				CLANG_ENABLE_MODULES = YES;
				CLANG_ENABLE_OBJC_ARC = YES;
				CLANG_ENABLE_OBJC_WEAK = YES;
				CLANG_WARN_BLOCK_CAPTURE_AUTORELEASING = YES;
				CLANG_WARN_BOOL_CONVERSION = YES;
				CLANG_WARN_COMMA = YES;
				CLANG_WARN_CONSTANT_CONVERSION = YES;
				CLANG_WARN_DEPRECATED_OBJC_IMPLEMENTATIONS = YES;
				CLANG_WARN_DIRECT_OBJC_ISA_USAGE = YES_ERROR;
				CLANG_WARN_DOCUMENTATION_COMMENTS = YES;
				CLANG_WARN_EMPTY_BODY = YES;
				CLANG_WARN_ENUM_CONVERSION = YES;
				CLANG_WARN_INFINITE_RECURSION = YES;
				CLANG_WARN_INT_CONVERSION = YES;
				CLANG_WARN_NON_LITERAL_NULL_CONVERSION = YES;
				CLANG_WARN_OBJC_IMPLICIT_RETAIN_SELF = YES;
				CLANG_WARN_OBJC_LITERAL_CONVERSION = YES;
				CLANG_WARN_OBJC_ROOT_CLASS = YES_ERROR;
				CLANG_WARN_QUOTED_INCLUDE_IN_FRAMEWORK_HEADER = YES;
				CLANG_WARN_RANGE_LOOP_ANALYSIS = YES;
				CLANG_WARN_STRICT_PROTOTYPES = YES;
				CLANG_WARN_SUSPICIOUS_MOVE = YES;
				CLANG_WARN_UNGUARDED_AVAILABILITY = YES_AGGRESSIVE;
				CLANG_WARN_UNREACHABLE_CODE = YES;
				CLANG_WARN__DUPLICATE_METHOD_MATCH = YES;
				COPY_PHASE_STRIP = NO;
				DEBUG_INFORMATION_FORMAT = "dwarf-with-dsym";
				ENABLE_NS_ASSERTIONS = NO;
				ENABLE_STRICT_OBJC_MSGSEND = YES;
				ENABLE_USER_SCRIPT_SANDBOXING = YES;
				GCC_C_LANGUAGE_STANDARD = gnu17;
				GCC_NO_COMMON_BLOCKS = YES;
				GCC_WARN_64_TO_32_BIT_CONVERSION = YES;
				GCC_WARN_ABOUT_RETURN_TYPE = YES_ERROR;
				GCC_WARN_UNDECLARED_SELECTOR = YES;
				GCC_WARN_UNINITIALIZED_AUTOS = YES_AGGRESSIVE;
				GCC_WARN_UNUSED_FUNCTION = YES;
				GCC_WARN_UNUSED_VARIABLE = YES;
				IPHONEOS_DEPLOYMENT_TARGET = 16.0;
				LOCALIZATION_PREFERS_STRING_CATALOGS = YES;
				MTL_ENABLE_DEBUG_INFO = NO;
				MTL_FAST_MATH = YES;
				SDKROOT = iphoneos;
				SWIFT_COMPILATION_MODE = wholemodule;
				VALIDATE_PRODUCT = YES;
			};
			name = Release;
		};
		7D2981112C01E1D300A619FB /* Debug */ = {
			isa = XCBuildConfiguration;
			buildSettings = {
				ASSETCATALOG_COMPILER_APPICON_NAME = AppIcon;
				ASSETCATALOG_COMPILER_GLOBAL_ACCENT_COLOR_NAME = AccentColor;
				CODE_SIGN_ENTITLEMENTS = ShowPot/ShowPot.entitlements;
				CODE_SIGN_IDENTITY = "Apple Development";
				CODE_SIGN_STYLE = Automatic;
				CURRENT_PROJECT_VERSION = 1;
				DEBUG_INFORMATION_FORMAT = "dwarf-with-dsym";
				DEVELOPMENT_TEAM = FNC65X95VM;
				ENABLE_TESTABILITY = YES;
				ENABLE_USER_SCRIPT_SANDBOXING = NO;
				GENERATE_INFOPLIST_FILE = YES;
				INFOPLIST_FILE = ShowPot/Resource/Info.plist;
				INFOPLIST_KEY_UIApplicationSupportsIndirectInputEvents = YES;
				INFOPLIST_KEY_UILaunchStoryboardName = LaunchScreen;
				INFOPLIST_KEY_UISupportedInterfaceOrientations = UIInterfaceOrientationPortrait;
				INFOPLIST_KEY_UISupportedInterfaceOrientations_iPad = "UIInterfaceOrientationLandscapeLeft UIInterfaceOrientationLandscapeRight UIInterfaceOrientationPortrait UIInterfaceOrientationPortraitUpsideDown";
				IPHONEOS_DEPLOYMENT_TARGET = 16.0;
				LD_RUNPATH_SEARCH_PATHS = (
					"$(inherited)",
					"@executable_path/Frameworks",
				);
				MARKETING_VERSION = 1.1.0;
				PRODUCT_BUNDLE_IDENTIFIER = com.AlreadyOccupiedSeat.ShowPot;
				PRODUCT_NAME = "$(TARGET_NAME)";
				PROVISIONING_PROFILE_SPECIFIER = "";
				SUPPORTED_PLATFORMS = "iphoneos iphonesimulator";
				SUPPORTS_MACCATALYST = NO;
				SWIFT_EMIT_LOC_STRINGS = YES;
				SWIFT_VERSION = 5.0;
				TARGETED_DEVICE_FAMILY = 1;
			};
			name = Debug;
		};
		7D2981122C01E1D300A619FB /* Release */ = {
			isa = XCBuildConfiguration;
			buildSettings = {
				ASSETCATALOG_COMPILER_APPICON_NAME = AppIcon;
				ASSETCATALOG_COMPILER_GLOBAL_ACCENT_COLOR_NAME = AccentColor;
				CODE_SIGN_ENTITLEMENTS = ShowPot/ShowPot.entitlements;
				CODE_SIGN_IDENTITY = "Apple Development";
				CODE_SIGN_STYLE = Automatic;
				CURRENT_PROJECT_VERSION = 1;
				DEBUG_INFORMATION_FORMAT = "dwarf-with-dsym";
				DEVELOPMENT_TEAM = FNC65X95VM;
				ENABLE_USER_SCRIPT_SANDBOXING = NO;
				GENERATE_INFOPLIST_FILE = YES;
				INFOPLIST_FILE = ShowPot/Resource/Info.plist;
				INFOPLIST_KEY_UIApplicationSupportsIndirectInputEvents = YES;
				INFOPLIST_KEY_UILaunchStoryboardName = LaunchScreen;
				INFOPLIST_KEY_UISupportedInterfaceOrientations = UIInterfaceOrientationPortrait;
				INFOPLIST_KEY_UISupportedInterfaceOrientations_iPad = "UIInterfaceOrientationLandscapeLeft UIInterfaceOrientationLandscapeRight UIInterfaceOrientationPortrait UIInterfaceOrientationPortraitUpsideDown";
				IPHONEOS_DEPLOYMENT_TARGET = 16.0;
				LD_RUNPATH_SEARCH_PATHS = (
					"$(inherited)",
					"@executable_path/Frameworks",
				);
				MARKETING_VERSION = 1.1.0;
				PRODUCT_BUNDLE_IDENTIFIER = com.AlreadyOccupiedSeat.ShowPot;
				PRODUCT_NAME = "$(TARGET_NAME)";
				PROVISIONING_PROFILE_SPECIFIER = "";
				SUPPORTED_PLATFORMS = "iphoneos iphonesimulator";
				SUPPORTS_MACCATALYST = NO;
				SWIFT_ACTIVE_COMPILATION_CONDITIONS = RELEASE;
				SWIFT_EMIT_LOC_STRINGS = YES;
				SWIFT_VERSION = 5.0;
				TARGETED_DEVICE_FAMILY = 1;
			};
			name = Release;
		};
/* End XCBuildConfiguration section */

/* Begin XCConfigurationList section */
		7D2980F72C01E1D000A619FB /* Build configuration list for PBXProject "ShowPot" */ = {
			isa = XCConfigurationList;
			buildConfigurations = (
				7D29810E2C01E1D300A619FB /* Debug */,
				7D29810F2C01E1D300A619FB /* Release */,
			);
			defaultConfigurationIsVisible = 0;
			defaultConfigurationName = Release;
		};
		7D2981102C01E1D300A619FB /* Build configuration list for PBXNativeTarget "ShowPot" */ = {
			isa = XCConfigurationList;
			buildConfigurations = (
				7D2981112C01E1D300A619FB /* Debug */,
				7D2981122C01E1D300A619FB /* Release */,
			);
			defaultConfigurationIsVisible = 0;
			defaultConfigurationName = Release;
		};
/* End XCConfigurationList section */

/* Begin XCRemoteSwiftPackageReference section */
		70107B572C21693E00F32042 /* XCRemoteSwiftPackageReference "GoogleSignIn-iOS" */ = {
			isa = XCRemoteSwiftPackageReference;
			repositoryURL = "https://github.com/google/GoogleSignIn-iOS";
			requirement = {
				kind = upToNextMajorVersion;
				minimumVersion = 7.1.0;
			};
		};
		7014673E2C401C0C00750A54 /* XCRemoteSwiftPackageReference "Kingfisher" */ = {
			isa = XCRemoteSwiftPackageReference;
			repositoryURL = "https://github.com/onevcat/Kingfisher.git";
			requirement = {
				kind = upToNextMajorVersion;
				minimumVersion = 7.12.0;
			};
		};
		70F3C1152C6BA19700786738 /* XCRemoteSwiftPackageReference "ScalingCarousel" */ = {
			isa = XCRemoteSwiftPackageReference;
			repositoryURL = "https://github.com/superpeteblaze/ScalingCarousel.git";
			requirement = {
				kind = upToNextMajorVersion;
				minimumVersion = 3.2.0;
			};
		};
		70F3C14C2C706A6A00786738 /* XCRemoteSwiftPackageReference "iOSDropDown" */ = {
			isa = XCRemoteSwiftPackageReference;
			repositoryURL = "https://github.com/jriosdev/iOSDropDown";
			requirement = {
				kind = upToNextMajorVersion;
				minimumVersion = 0.4.0;
			};
		};
		7D2DCAB72C269BF700389FBF /* XCRemoteSwiftPackageReference "Alamofire" */ = {
			isa = XCRemoteSwiftPackageReference;
			repositoryURL = "https://github.com/Alamofire/Alamofire.git";
			requirement = {
				kind = upToNextMajorVersion;
				minimumVersion = 5.9.1;
			};
		};
		7D2DCABA2C269C2100389FBF /* XCRemoteSwiftPackageReference "RxSwift" */ = {
			isa = XCRemoteSwiftPackageReference;
			repositoryURL = "https://github.com/ReactiveX/RxSwift.git";
			requirement = {
				kind = upToNextMajorVersion;
				minimumVersion = 6.7.1;
			};
		};
		7D2DCAC12C269C2E00389FBF /* XCRemoteSwiftPackageReference "SnapKit" */ = {
			isa = XCRemoteSwiftPackageReference;
			repositoryURL = "https://github.com/SnapKit/SnapKit.git";
			requirement = {
				kind = upToNextMajorVersion;
				minimumVersion = 5.7.1;
			};
		};
		C92D86542D97B277001A6557 /* XCRemoteSwiftPackageReference "swift-dependencies" */ = {
			isa = XCRemoteSwiftPackageReference;
			repositoryURL = "https://github.com/pointfreeco/swift-dependencies";
			requirement = {
				kind = upToNextMajorVersion;
				minimumVersion = 1.8.1;
			};
		};
		C9BD1F282D97B0A200839FD7 /* XCRemoteSwiftPackageReference "firebase-ios-sdk" */ = {
			isa = XCRemoteSwiftPackageReference;
			repositoryURL = "https://github.com/firebase/firebase-ios-sdk";
			requirement = {
				kind = upToNextMajorVersion;
				minimumVersion = 11.10.0;
			};
		};
		C9BE83C22D97A3B6003B53E9 /* XCRemoteSwiftPackageReference "RxCompose" */ = {
			isa = XCRemoteSwiftPackageReference;
			repositoryURL = "https://github.com/ShapeKim98/RxCompose";
			requirement = {
				kind = upToNextMajorVersion;
				minimumVersion = 0.1.1;
			};
		};
		C9D9F7A72DA2548B00A9A0E2 /* XCRemoteSwiftPackageReference "RxGesture" */ = {
			isa = XCRemoteSwiftPackageReference;
			repositoryURL = "https://github.com/RxSwiftCommunity/RxGesture";
			requirement = {
				kind = upToNextMajorVersion;
				minimumVersion = 4.0.4;
			};
		};
		C9F908512D97B12D00E1611D /* XCRemoteSwiftPackageReference "kakao-ios-sdk" */ = {
			isa = XCRemoteSwiftPackageReference;
			repositoryURL = "https://github.com/kakao/kakao-ios-sdk.git";
			requirement = {
				kind = upToNextMajorVersion;
				minimumVersion = 2.24.0;
			};
		};
/* End XCRemoteSwiftPackageReference section */

/* Begin XCSwiftPackageProductDependency section */
		70107B582C21693E00F32042 /* GoogleSignIn */ = {
			isa = XCSwiftPackageProductDependency;
			package = 70107B572C21693E00F32042 /* XCRemoteSwiftPackageReference "GoogleSignIn-iOS" */;
			productName = GoogleSignIn;
		};
		70107B5A2C21693E00F32042 /* GoogleSignInSwift */ = {
			isa = XCSwiftPackageProductDependency;
			package = 70107B572C21693E00F32042 /* XCRemoteSwiftPackageReference "GoogleSignIn-iOS" */;
			productName = GoogleSignInSwift;
		};
		7014673F2C401C0C00750A54 /* Kingfisher */ = {
			isa = XCSwiftPackageProductDependency;
			package = 7014673E2C401C0C00750A54 /* XCRemoteSwiftPackageReference "Kingfisher" */;
			productName = Kingfisher;
		};
		70F3C1162C6BA19700786738 /* ScalingCarousel */ = {
			isa = XCSwiftPackageProductDependency;
			package = 70F3C1152C6BA19700786738 /* XCRemoteSwiftPackageReference "ScalingCarousel" */;
			productName = ScalingCarousel;
		};
		70F3C14D2C706A6A00786738 /* iOSDropDown */ = {
			isa = XCSwiftPackageProductDependency;
			package = 70F3C14C2C706A6A00786738 /* XCRemoteSwiftPackageReference "iOSDropDown" */;
			productName = iOSDropDown;
		};
		7D2DCAB82C269BF700389FBF /* Alamofire */ = {
			isa = XCSwiftPackageProductDependency;
			package = 7D2DCAB72C269BF700389FBF /* XCRemoteSwiftPackageReference "Alamofire" */;
			productName = Alamofire;
		};
		7D2DCABB2C269C2100389FBF /* RxCocoa */ = {
			isa = XCSwiftPackageProductDependency;
			package = 7D2DCABA2C269C2100389FBF /* XCRemoteSwiftPackageReference "RxSwift" */;
			productName = RxCocoa;
		};
		7D2DCABD2C269C2100389FBF /* RxRelay */ = {
			isa = XCSwiftPackageProductDependency;
			package = 7D2DCABA2C269C2100389FBF /* XCRemoteSwiftPackageReference "RxSwift" */;
			productName = RxRelay;
		};
		7D2DCABF2C269C2100389FBF /* RxSwift */ = {
			isa = XCSwiftPackageProductDependency;
			package = 7D2DCABA2C269C2100389FBF /* XCRemoteSwiftPackageReference "RxSwift" */;
			productName = RxSwift;
		};
		7D2DCAC22C269C2E00389FBF /* SnapKit */ = {
			isa = XCSwiftPackageProductDependency;
			package = 7D2DCAC12C269C2E00389FBF /* XCRemoteSwiftPackageReference "SnapKit" */;
			productName = SnapKit;
		};
		C92D86552D97B277001A6557 /* Dependencies */ = {
			isa = XCSwiftPackageProductDependency;
			package = C92D86542D97B277001A6557 /* XCRemoteSwiftPackageReference "swift-dependencies" */;
			productName = Dependencies;
		};
		C92D86572D97B277001A6557 /* DependenciesMacros */ = {
			isa = XCSwiftPackageProductDependency;
			package = C92D86542D97B277001A6557 /* XCRemoteSwiftPackageReference "swift-dependencies" */;
			productName = DependenciesMacros;
		};
		C9BD1F292D97B0A200839FD7 /* FirebaseMessaging */ = {
			isa = XCSwiftPackageProductDependency;
			package = C9BD1F282D97B0A200839FD7 /* XCRemoteSwiftPackageReference "firebase-ios-sdk" */;
			productName = FirebaseMessaging;
		};
		C9BE83C32D97A3B6003B53E9 /* RxCompose */ = {
			isa = XCSwiftPackageProductDependency;
			package = C9BE83C22D97A3B6003B53E9 /* XCRemoteSwiftPackageReference "RxCompose" */;
			productName = RxCompose;
		};
		C9D9F7A82DA2548B00A9A0E2 /* RxGesture */ = {
			isa = XCSwiftPackageProductDependency;
			package = C9D9F7A72DA2548B00A9A0E2 /* XCRemoteSwiftPackageReference "RxGesture" */;
			productName = RxGesture;
		};
		C9F908522D97B12D00E1611D /* KakaoSDK */ = {
			isa = XCSwiftPackageProductDependency;
			package = C9F908512D97B12D00E1611D /* XCRemoteSwiftPackageReference "kakao-ios-sdk" */;
			productName = KakaoSDK;
		};
		C9F908542D97B12D00E1611D /* KakaoSDKAuth */ = {
			isa = XCSwiftPackageProductDependency;
			package = C9F908512D97B12D00E1611D /* XCRemoteSwiftPackageReference "kakao-ios-sdk" */;
			productName = KakaoSDKAuth;
		};
		C9F908562D97B12D00E1611D /* KakaoSDKCert */ = {
			isa = XCSwiftPackageProductDependency;
			package = C9F908512D97B12D00E1611D /* XCRemoteSwiftPackageReference "kakao-ios-sdk" */;
			productName = KakaoSDKCert;
		};
		C9F908582D97B12D00E1611D /* KakaoSDKCertCore */ = {
			isa = XCSwiftPackageProductDependency;
			package = C9F908512D97B12D00E1611D /* XCRemoteSwiftPackageReference "kakao-ios-sdk" */;
			productName = KakaoSDKCertCore;
		};
		C9F9085A2D97B12D00E1611D /* KakaoSDKCommon */ = {
			isa = XCSwiftPackageProductDependency;
			package = C9F908512D97B12D00E1611D /* XCRemoteSwiftPackageReference "kakao-ios-sdk" */;
			productName = KakaoSDKCommon;
		};
		C9F9085C2D97B12D00E1611D /* KakaoSDKUser */ = {
			isa = XCSwiftPackageProductDependency;
			package = C9F908512D97B12D00E1611D /* XCRemoteSwiftPackageReference "kakao-ios-sdk" */;
			productName = KakaoSDKUser;
		};
/* End XCSwiftPackageProductDependency section */
	};
	rootObject = 7D2980F42C01E1D000A619FB /* Project object */;
}
